<?xml version="1.0" encoding="utf-8"?>
<Project ToolsVersion="4.0" xmlns="http://schemas.microsoft.com/developer/msbuild/2003">
  <ItemGroup>
    <Filter Include="Header Files">
      <UniqueIdentifier>{93995380-89BD-4b04-88EB-625FBE52EBFB}</UniqueIdentifier>
      <Extensions>h;hh;hpp;hxx;hm;inl;inc;xsd</Extensions>
    </Filter>
    <Filter Include="Resource Files">
      <UniqueIdentifier>{67DA6AB6-F800-4c08-8B7A-83BB121AAD01}</UniqueIdentifier>
      <Extensions>rc;ico;cur;bmp;dlg;rc2;rct;bin;rgs;gif;jpg;jpeg;jpe;resx;tiff;tif;png;wav</Extensions>
    </Filter>
    <Filter Include="Source Files">
      <UniqueIdentifier>{4FC737F1-C7A5-4376-A066-2A32D752A2FF}</UniqueIdentifier>
      <Extensions>cpp;c;cc;cxx;def;odl;idl;hpj;bat;asm;asmx</Extensions>
    </Filter>
    <Filter Include="input">
      <UniqueIdentifier>{2e940265-6bf5-4573-acc2-2b281561d79d}</UniqueIdentifier>
    </Filter>
  </ItemGroup>
  <ItemGroup>
    <ClCompile Include="ctm-core-improve\arc.cpp">
      <Filter>Source Files</Filter>
    </ClCompile>
    <ClCompile Include="ctm-core-improve\cell.cpp">
      <Filter>Source Files</Filter>
    </ClCompile>
    <ClCompile Include="ctm-core-improve\coordinate.cpp">
      <Filter>Source Files</Filter>
    </ClCompile>
    <ClCompile Include="ctm-core-improve\debug.cpp">
      <Filter>Source Files</Filter>
    </ClCompile>
    <ClCompile Include="ctm-core-improve\demand.cpp">
      <Filter>Source Files</Filter>
    </ClCompile>
    <ClCompile Include="ctm-core-improve\incident.cpp">
      <Filter>Source Files</Filter>
    </ClCompile>
    <ClCompile Include="ctm-core-improve\intersection.cpp">
      <Filter>Source Files</Filter>
    </ClCompile>
    <ClCompile Include="ctm-core-improve\ivector.cpp">
      <Filter>Source Files</Filter>
    </ClCompile>
    <ClCompile Include="ctm-core-improve\main.cpp">
      <Filter>Source Files</Filter>
    </ClCompile>
    <ClCompile Include="ctm-core-improve\node.cpp">
      <Filter>Source Files</Filter>
    </ClCompile>
    <ClCompile Include="ctm-core-improve\setting.cpp">
      <Filter>Source Files</Filter>
    </ClCompile>
    <ClCompile Include="CTM-Core-Improve\simulation.cpp">
      <Filter>Source Files</Filter>
    </ClCompile>
  </ItemGroup>
  <ItemGroup>
    <ClInclude Include="ctm-core-improve\arc.h">
      <Filter>Header Files</Filter>
    </ClInclude>
    <ClInclude Include="ctm-core-improve\base.h">
      <Filter>Header Files</Filter>
    </ClInclude>
    <ClInclude Include="ctm-core-improve\cell.h">
      <Filter>Header Files</Filter>
    </ClInclude>
    <ClInclude Include="ctm-core-improve\coordinate.h">
      <Filter>Header Files</Filter>
    </ClInclude>
    <ClInclude Include="ctm-core-improve\debug.h">
      <Filter>Header Files</Filter>
    </ClInclude>
    <ClInclude Include="ctm-core-improve\demand.h">
      <Filter>Header Files</Filter>
    </ClInclude>
    <ClInclude Include="ctm-core-improve\incident.h">
      <Filter>Header Files</Filter>
    </ClInclude>
    <ClInclude Include="ctm-core-improve\initialize.h">
      <Filter>Header Files</Filter>
    </ClInclude>
    <ClInclude Include="ctm-core-improve\input.h">
      <Filter>Header Files</Filter>
    </ClInclude>
    <ClInclude Include="ctm-core-improve\intersection.h">
      <Filter>Header Files</Filter>
    </ClInclude>
    <ClInclude Include="ctm-core-improve\iqueue.h">
      <Filter>Header Files</Filter>
    </ClInclude>
    <ClInclude Include="ctm-core-improve\ivector.h">
      <Filter>Header Files</Filter>
    </ClInclude>
    <ClInclude Include="ctm-core-improve\node.h">
      <Filter>Header Files</Filter>
    </ClInclude>
    <ClInclude Include="ctm-core-improve\output.h">
      <Filter>Header Files</Filter>
    </ClInclude>
    <ClInclude Include="ctm-core-improve\setting.h">
      <Filter>Header Files</Filter>
    </ClInclude>
    <ClInclude Include="ctm-core-improve\update.h">
      <Filter>Header Files</Filter>
    </ClInclude>
    <ClInclude Include="CTM-Core-Improve\simulation.h">
      <Filter>Header Files</Filter>
    </ClInclude>
  </ItemGroup>
  <ItemGroup>
    <Text Include="i_Test.txt">
      <Filter>input</Filter>
    </Text>
    <Text Include="i_Test2.txt">
      <Filter>input</Filter>
    </Text>
  </ItemGroup>
</Project>